
Microsoft Visual Studio Solution File, Format Version 12.00
# Visual Studio 15
VisualStudioVersion = 15.0.27428.1
MinimumVisualStudioVersion = 10.0.40219.1
Project("{FAE04EC0-301F-11D3-BF4B-00C04F79EFBC}") = "VueProject", "VueProject\VueProject.csproj", "{E9136AFD-298F-4061-9898-1C411979B6E4}"
EndProject
Global
	GlobalSection(SolutionConfigurationPlatforms) = preSolution
		Debug|Any CPU = Debug|Any CPU
		Release|Any CPU = Release|Any CPU
	EndGlobalSection
	GlobalSection(ProjectConfigurationPlatforms) = postSolution
		{E9136AFD-298F-4061-9898-1C411979B6E4}.Debug|Any CPU.ActiveCfg = Debug|Any CPU
		{E9136AFD-298F-4061-9898-1C411979B6E4}.Debug|Any CPU.Build.0 = Debug|Any CPU
		{E9136AFD-298F-4061-9898-1C411979B6E4}.Release|Any CPU.ActiveCfg = Release|Any CPU
		{E9136AFD-298F-4061-9898-1C411979B6E4}.Release|Any CPU.Build.0 = Release|Any CPU
	EndGlobalSection
	GlobalSection(SolutionProperties) = preSolution
		HideSolutionNode = FALSE
	EndGlobalSection
	GlobalSection(ExtensibilityGlobals) = postSolution
		SolutionGuid = {38B4D255-2BC8-4D13-8828-A42191746AE0}
	EndGlobalSection
EndGlobal
